
Microsoft Visual Studio Solution File, Format Version 12.00
# Visual Studio Version 17
VisualStudioVersion = 17.2.32616.157
MinimumVisualStudioVersion = 10.0.40219.1
Project("{FAE04EC0-301F-11D3-BF4B-00C04F79EFBC}") = "ReflectedXss.Web", "ReflectedXss.Web\ReflectedXss.Web.csproj", "{741771CC-ED8F-4F5B-AFBF-BBF958737003}"
EndProject
Global
	GlobalSection(SolutionConfigurationPlatforms) = preSolution
		Debug|Any CPU = Debug|Any CPU
		Release|Any CPU = Release|Any CPU
	EndGlobalSection
	GlobalSection(ProjectConfigurationPlatforms) = postSolution
		{741771CC-ED8F-4F5B-AFBF-BBF958737003}.Debug|Any CPU.ActiveCfg = Debug|Any CPU
		{741771CC-ED8F-4F5B-AFBF-BBF958737003}.Debug|Any CPU.Build.0 = Debug|Any CPU
		{741771CC-ED8F-4F5B-AFBF-BBF958737003}.Release|Any CPU.ActiveCfg = Release|Any CPU
		{741771CC-ED8F-4F5B-AFBF-BBF958737003}.Release|Any CPU.Build.0 = Release|Any CPU
	EndGlobalSection
	GlobalSection(SolutionProperties) = preSolution
		HideSolutionNode = FALSE
	EndGlobalSection
	GlobalSection(ExtensibilityGlobals) = postSolution
		SolutionGuid = {DB2628E9-9A74-4C42-9A7A-782DD25109A4}
	EndGlobalSection
EndGlobal
